
Microsoft Visual Studio Solution File, Format Version 12.00
# Visual Studio 2012
Project("{FAE04EC0-301F-11D3-BF4B-00C04F79EFBC}") = "Sitecore.Diagnostics.ConfigBuilder.UnitTests", "Sitecore.Diagnostics.ConfigBuilder.UnitTests\Sitecore.Diagnostics.ConfigBuilder.UnitTests.csproj", "{0FA38ECC-266F-4E1D-83D7-C2F18EDCDA6D}"
EndProject
Project("{2150E333-8FDC-42A3-9474-1A3956D46DE8}") = "Code", "Code", "{7B852F57-51EE-4D6D-8A1D-2A5C73AB4F32}"
EndProject
Project("{FAE04EC0-301F-11D3-BF4B-00C04F79EFBC}") = "Sitecore.Diagnostics.ConfigBuilder", "Sitecore.Diagnostics.ConfigBuilder\Sitecore.Diagnostics.ConfigBuilder.csproj", "{5AEF4BA4-F365-4DBE-8295-418630BE1C60}"
EndProject
Global
	GlobalSection(SolutionConfigurationPlatforms) = preSolution
		Debug|Any CPU = Debug|Any CPU
		Debug|Mixed Platforms = Debug|Mixed Platforms
		Debug|x86 = Debug|x86
		Release|Any CPU = Release|Any CPU
		Release|Mixed Platforms = Release|Mixed Platforms
		Release|x86 = Release|x86
	EndGlobalSection
	GlobalSection(ProjectConfigurationPlatforms) = postSolution
		{0FA38ECC-266F-4E1D-83D7-C2F18EDCDA6D}.Debug|Any CPU.ActiveCfg = Debug|Any CPU
		{0FA38ECC-266F-4E1D-83D7-C2F18EDCDA6D}.Debug|Any CPU.Build.0 = Debug|Any CPU
		{0FA38ECC-266F-4E1D-83D7-C2F18EDCDA6D}.Debug|Mixed Platforms.ActiveCfg = Debug|Any CPU
		{0FA38ECC-266F-4E1D-83D7-C2F18EDCDA6D}.Debug|Mixed Platforms.Build.0 = Debug|Any CPU
		{0FA38ECC-266F-4E1D-83D7-C2F18EDCDA6D}.Debug|x86.ActiveCfg = Debug|Any CPU
		{0FA38ECC-266F-4E1D-83D7-C2F18EDCDA6D}.Release|Any CPU.ActiveCfg = Release|Any CPU
		{0FA38ECC-266F-4E1D-83D7-C2F18EDCDA6D}.Release|Any CPU.Build.0 = Release|Any CPU
		{0FA38ECC-266F-4E1D-83D7-C2F18EDCDA6D}.Release|Mixed Platforms.ActiveCfg = Release|Any CPU
		{0FA38ECC-266F-4E1D-83D7-C2F18EDCDA6D}.Release|Mixed Platforms.Build.0 = Release|Any CPU
		{0FA38ECC-266F-4E1D-83D7-C2F18EDCDA6D}.Release|x86.ActiveCfg = Release|Any CPU
		{5AEF4BA4-F365-4DBE-8295-418630BE1C60}.Debug|Any CPU.ActiveCfg = Debug|Any CPU
		{5AEF4BA4-F365-4DBE-8295-418630BE1C60}.Debug|Any CPU.Build.0 = Debug|Any CPU
		{5AEF4BA4-F365-4DBE-8295-418630BE1C60}.Debug|Mixed Platforms.ActiveCfg = Debug|Any CPU
		{5AEF4BA4-F365-4DBE-8295-418630BE1C60}.Debug|Mixed Platforms.Build.0 = Debug|Any CPU
		{5AEF4BA4-F365-4DBE-8295-418630BE1C60}.Debug|x86.ActiveCfg = Debug|Any CPU
		{5AEF4BA4-F365-4DBE-8295-418630BE1C60}.Release|Any CPU.ActiveCfg = Release|Any CPU
		{5AEF4BA4-F365-4DBE-8295-418630BE1C60}.Release|Any CPU.Build.0 = Release|Any CPU
		{5AEF4BA4-F365-4DBE-8295-418630BE1C60}.Release|Mixed Platforms.ActiveCfg = Release|Any CPU
		{5AEF4BA4-F365-4DBE-8295-418630BE1C60}.Release|Mixed Platforms.Build.0 = Release|Any CPU
		{5AEF4BA4-F365-4DBE-8295-418630BE1C60}.Release|x86.ActiveCfg = Release|Any CPU
	EndGlobalSection
	GlobalSection(SolutionProperties) = preSolution
		HideSolutionNode = FALSE
	EndGlobalSection
	GlobalSection(NestedProjects) = preSolution
		{5AEF4BA4-F365-4DBE-8295-418630BE1C60} = {7B852F57-51EE-4D6D-8A1D-2A5C73AB4F32}
	EndGlobalSection
EndGlobal
